
Microsoft Visual Studio Solution File, Format Version 12.00
# Visual Studio 15
VisualStudioVersion = 15.0.28307.271
MinimumVisualStudioVersion = 10.0.40219.1
Project("{FAE04EC0-301F-11D3-BF4B-00C04F79EFBC}") = "TicketApp", "TicketApp\TicketApp.csproj", "{34B288AF-91A9-4265-A8D5-F947B628673B}"
EndProject
Global
	GlobalSection(SolutionConfigurationPlatforms) = preSolution
		Debug|Any CPU = Debug|Any CPU
		Release|Any CPU = Release|Any CPU
	EndGlobalSection
	GlobalSection(ProjectConfigurationPlatforms) = postSolution
		{34B288AF-91A9-4265-A8D5-F947B628673B}.Debug|Any CPU.ActiveCfg = Debug|Any CPU
		{34B288AF-91A9-4265-A8D5-F947B628673B}.Debug|Any CPU.Build.0 = Debug|Any CPU
		{34B288AF-91A9-4265-A8D5-F947B628673B}.Release|Any CPU.ActiveCfg = Release|Any CPU
		{34B288AF-91A9-4265-A8D5-F947B628673B}.Release|Any CPU.Build.0 = Release|Any CPU
	EndGlobalSection
	GlobalSection(SolutionProperties) = preSolution
		HideSolutionNode = FALSE
	EndGlobalSection
	GlobalSection(ExtensibilityGlobals) = postSolution
		SolutionGuid = {29A9CDBD-B09B-418D-86C5-152A969BDAEC}
	EndGlobalSection
EndGlobal
